{
  "name": "@miltonbo/dashboard-style-airframe",
  "version": "0.2.0",
  "lockfileVersion": 3,
  "requires": true,
  "packages": {
    "": {
      "name": "@miltonbo/dashboard-style-airframe",
      "version": "0.2.0",
      "license": "MIT",
      "dependencies": {
        "animejs": "^3.0.1",
        "highcharts": "^9.2.2",
        "url-join": "^4.0.0"
      },
      "devDependencies": {
        "gulp-replace": "^1.0.0"
      },
      "peerDependencies": {
        "bootstrap": "^4.1.3"
      }
    },
    "node_modules/@types/expect": {
      "version": "1.20.4",
      "resolved": "https://registry.npmjs.org/@types/expect/-/expect-1.20.4.tgz",
      "integrity": "sha512-Q5Vn3yjTDyCMV50TB6VRIbQNxSE4OmZR86VSbGaNpfUolm0iePBB4KdEEHmxoY5sT2+2DIvXW0rvMDP2nHZ4Mg==",
      "dev": true
    },
    "node_modules/@types/node": {
      "version": "18.15.0",
      "resolved": "https://registry.npmjs.org/@types/node/-/node-18.15.0.tgz",
      "integrity": "sha512-z6nr0TTEOBGkzLGmbypWOGnpSpSIBorEhC4L+4HeQ2iezKCi4f77kyslRwvHeNitymGQ+oFyIWGP96l/DPSV9w==",
      "dev": true
    },
    "node_modules/@types/vinyl": {
      "version": "2.0.7",
      "resolved": "https://registry.npmjs.org/@types/vinyl/-/vinyl-2.0.7.tgz",
      "integrity": "sha512-4UqPv+2567NhMQuMLdKAyK4yzrfCqwaTt6bLhHEs8PFcxbHILsrxaY63n4wgE/BRLDWDQeI+WcTmkXKExh9hQg==",
      "dev": true,
      "dependencies": {
        "@types/expect": "^1.20.4",
        "@types/node": "*"
      }
    },
    "node_modules/animejs": {
      "version": "3.2.1",
      "resolved": "https://registry.npmjs.org/animejs/-/animejs-3.2.1.tgz",
      "integrity": "sha512-sWno3ugFryK5nhiDm/2BKeFCpZv7vzerWUcUPyAZLDhMek3+S/p418ldZJbJXo5ZUOpfm2kP2XRO4NJcULMy9A=="
    },
    "node_modules/binaryextensions": {
      "version": "2.3.0",
      "resolved": "https://registry.npmjs.org/binaryextensions/-/binaryextensions-2.3.0.tgz",
      "integrity": "sha512-nAihlQsYGyc5Bwq6+EsubvANYGExeJKHDO3RjnvwU042fawQTQfM3Kxn7IHUXQOz4bzfwsGYYHGSvXyW4zOGLg==",
      "dev": true,
      "engines": {
        "node": ">=0.8"
      },
      "funding": {
        "url": "https://bevry.me/fund"
      }
    },
    "node_modules/bootstrap": {
      "version": "4.6.2",
      "resolved": "https://registry.npmjs.org/bootstrap/-/bootstrap-4.6.2.tgz",
      "integrity": "sha512-51Bbp/Uxr9aTuy6ca/8FbFloBUJZLHwnhTcnjIeRn2suQWsWzcuJhGjKDB5eppVte/8oCdOL3VuwxvZDUggwGQ==",
      "funding": [
        {
          "type": "github",
          "url": "https://github.com/sponsors/twbs"
        },
        {
          "type": "opencollective",
          "url": "https://opencollective.com/bootstrap"
        }
      ],
      "peer": true,
      "peerDependencies": {
        "jquery": "1.9.1 - 3",
        "popper.js": "^1.16.1"
      }
    },
    "node_modules/core-util-is": {
      "version": "1.0.3",
      "resolved": "https://registry.npmjs.org/core-util-is/-/core-util-is-1.0.3.tgz",
      "integrity": "sha512-ZQBvi1DcpJ4GDqanjucZ2Hj3wEO5pZDS89BWbkcrvdxksJorwUDDZamX9ldFkp9aw2lmBDLgkObEA4DWNJ9FYQ==",
      "dev": true
    },
    "node_modules/escape-string-regexp": {
      "version": "1.0.5",
      "resolved": "https://registry.npmjs.org/escape-string-regexp/-/escape-string-regexp-1.0.5.tgz",
      "integrity": "sha512-vbRorB5FUQWvla16U8R/qgaFIya2qGzwDrNmCZuYKrbdSUMG6I1ZCGQRefkRVhuOkIGVne7BQ35DSfo1qvJqFg==",
      "dev": true,
      "engines": {
        "node": ">=0.8.0"
      }
    },
    "node_modules/gulp-replace": {
      "version": "1.1.4",
      "resolved": "https://registry.npmjs.org/gulp-replace/-/gulp-replace-1.1.4.tgz",
      "integrity": "sha512-SVSF7ikuWKhpAW4l4wapAqPPSToJoiNKsbDoUnRrSgwZHH7lH8pbPeQj1aOVYQrbZKhfSVBxVW+Py7vtulRktw==",
      "dev": true,
      "dependencies": {
        "@types/node": "*",
        "@types/vinyl": "^2.0.4",
        "istextorbinary": "^3.0.0",
        "replacestream": "^4.0.3",
        "yargs-parser": ">=5.0.0-security.0"
      },
      "engines": {
        "node": ">=10"
      }
    },
    "node_modules/highcharts": {
      "version": "9.3.3",
      "resolved": "https://registry.npmjs.org/highcharts/-/highcharts-9.3.3.tgz",
      "integrity": "sha512-QeOvm6cifeZYYdTLm4IxZsXcOE9c4xqfs0z0OJJ0z7hhA9WG0rmcVAyuIp5HBl/znjA/ayYHmpYjBYD/9PG4Fg=="
    },
    "node_modules/inherits": {
      "version": "2.0.4",
      "resolved": "https://registry.npmjs.org/inherits/-/inherits-2.0.4.tgz",
      "integrity": "sha512-k/vGaX4/Yla3WzyMCvTQOXYeIHvqOKtnqBduzTHpzpQZzAskKMhZ2K+EnBiSM9zGSoIFeMpXKxa4dYeZIQqewQ==",
      "dev": true
    },
    "node_modules/isarray": {
      "version": "1.0.0",
      "resolved": "https://registry.npmjs.org/isarray/-/isarray-1.0.0.tgz",
      "integrity": "sha512-VLghIWNM6ELQzo7zwmcg0NmTVyWKYjvIeM83yjp0wRDTmUnrM678fQbcKBo6n2CJEF0szoG//ytg+TKla89ALQ==",
      "dev": true
    },
    "node_modules/istextorbinary": {
      "version": "3.3.0",
      "resolved": "https://registry.npmjs.org/istextorbinary/-/istextorbinary-3.3.0.tgz",
      "integrity": "sha512-Tvq1W6NAcZeJ8op+Hq7tdZ434rqnMx4CCZ7H0ff83uEloDvVbqAwaMTZcafKGJT0VHkYzuXUiCY4hlXQg6WfoQ==",
      "dev": true,
      "dependencies": {
        "binaryextensions": "^2.2.0",
        "textextensions": "^3.2.0"
      },
      "engines": {
        "node": ">=8"
      },
      "funding": {
        "url": "https://bevry.me/fund"
      }
    },
    "node_modules/jquery": {
      "version": "3.6.4",
      "resolved": "https://registry.npmjs.org/jquery/-/jquery-3.6.4.tgz",
      "integrity": "sha512-v28EW9DWDFpzcD9O5iyJXg3R3+q+mET5JhnjJzQUZMHOv67bpSIHq81GEYpPNZHG+XXHsfSme3nxp/hndKEcsQ==",
      "peer": true
    },
    "node_modules/object-assign": {
      "version": "4.1.1",
      "resolved": "https://registry.npmjs.org/object-assign/-/object-assign-4.1.1.tgz",
      "integrity": "sha512-rJgTQnkUnH1sFw8yT6VSU3zD3sWmu6sZhIseY8VX+GRu3P6F7Fu+JNDoXfklElbLJSnc3FUQHVe4cU5hj+BcUg==",
      "dev": true,
      "engines": {
        "node": ">=0.10.0"
      }
    },
    "node_modules/popper.js": {
      "version": "1.16.1",
      "resolved": "https://registry.npmjs.org/popper.js/-/popper.js-1.16.1.tgz",
      "integrity": "sha512-Wb4p1J4zyFTbM+u6WuO4XstYx4Ky9Cewe4DWrel7B0w6VVICvPwdOpotjzcf6eD8TsckVnIMNONQyPIUFOUbCQ==",
      "deprecated": "You can find the new Popper v2 at @popperjs/core, this package is dedicated to the legacy v1",
      "peer": true,
      "funding": {
        "type": "opencollective",
        "url": "https://opencollective.com/popperjs"
      }
    },
    "node_modules/process-nextick-args": {
      "version": "2.0.1",
      "resolved": "https://registry.npmjs.org/process-nextick-args/-/process-nextick-args-2.0.1.tgz",
      "integrity": "sha512-3ouUOpQhtgrbOa17J7+uxOTpITYWaGP7/AhoR3+A+/1e9skrzelGi/dXzEYyvbxubEF6Wn2ypscTKiKJFFn1ag==",
      "dev": true
    },
    "node_modules/readable-stream": {
      "version": "2.3.8",
      "resolved": "https://registry.npmjs.org/readable-stream/-/readable-stream-2.3.8.tgz",
      "integrity": "sha512-8p0AUk4XODgIewSi0l8Epjs+EVnWiK7NoDIEGU0HhE7+ZyY8D1IMY7odu5lRrFXGg71L15KG8QrPmum45RTtdA==",
      "dev": true,
      "dependencies": {
        "core-util-is": "~1.0.0",
        "inherits": "~2.0.3",
        "isarray": "~1.0.0",
        "process-nextick-args": "~2.0.0",
        "safe-buffer": "~5.1.1",
        "string_decoder": "~1.1.1",
        "util-deprecate": "~1.0.1"
      }
    },
    "node_modules/replacestream": {
      "version": "4.0.3",
      "resolved": "https://registry.npmjs.org/replacestream/-/replacestream-4.0.3.tgz",
      "integrity": "sha512-AC0FiLS352pBBiZhd4VXB1Ab/lh0lEgpP+GGvZqbQh8a5cmXVoTe5EX/YeTFArnp4SRGTHh1qCHu9lGs1qG8sA==",
      "dev": true,
      "dependencies": {
        "escape-string-regexp": "^1.0.3",
        "object-assign": "^4.0.1",
        "readable-stream": "^2.0.2"
      }
    },
    "node_modules/safe-buffer": {
      "version": "5.1.2",
      "resolved": "https://registry.npmjs.org/safe-buffer/-/safe-buffer-5.1.2.tgz",
      "integrity": "sha512-Gd2UZBJDkXlY7GbJxfsE8/nvKkUEU1G38c1siN6QP6a9PT9MmHB8GnpscSmMJSoF8LOIrt8ud/wPtojys4G6+g==",
      "dev": true
    },
    "node_modules/string_decoder": {
      "version": "1.1.1",
      "resolved": "https://registry.npmjs.org/string_decoder/-/string_decoder-1.1.1.tgz",
      "integrity": "sha512-n/ShnvDi6FHbbVfviro+WojiFzv+s8MPMHBczVePfUpDJLwoLT0ht1l4YwBCbi8pJAveEEdnkHyPyTP/mzRfwg==",
      "dev": true,
      "dependencies": {
        "safe-buffer": "~5.1.0"
      }
    },
    "node_modules/textextensions": {
      "version": "3.3.0",
      "resolved": "https://registry.npmjs.org/textextensions/-/textextensions-3.3.0.tgz",
      "integrity": "sha512-mk82dS8eRABNbeVJrEiN5/UMSCliINAuz8mkUwH4SwslkNP//gbEzlWNS5au0z5Dpx40SQxzqZevZkn+WYJ9Dw==",
      "dev": true,
      "engines": {
        "node": ">=8"
      },
      "funding": {
        "url": "https://bevry.me/fund"
      }
    },
    "node_modules/url-join": {
      "version": "4.0.1",
      "resolved": "https://registry.npmjs.org/url-join/-/url-join-4.0.1.tgz",
      "integrity": "sha512-jk1+QP6ZJqyOiuEI9AEWQfju/nB2Pw466kbA0LEZljHwKeMgd9WrAEgEGxjPDD2+TNbbb37rTyhEfrCXfuKXnA=="
    },
    "node_modules/util-deprecate": {
      "version": "1.0.2",
      "resolved": "https://registry.npmjs.org/util-deprecate/-/util-deprecate-1.0.2.tgz",
      "integrity": "sha512-EPD5q1uXyFxJpCrLnCc1nHnq3gOa6DZBocAIiI2TaSCA7VCJ1UJDMagCzIkXNsUYfD1daK//LTEQ8xiIbrHtcw==",
      "dev": true
    },
    "node_modules/yargs-parser": {
      "version": "21.1.1",
      "resolved": "https://registry.npmjs.org/yargs-parser/-/yargs-parser-21.1.1.tgz",
      "integrity": "sha512-tVpsJW7DdjecAiFpbIB1e3qxIQsE6NoPc5/eTdrbbIC4h0LVsWhnoa3g+m2HclBIujHzsxZ4VJVA+GUuc2/LBw==",
      "dev": true,
      "engines": {
        "node": ">=12"
      }
    }
  }
}
